PODS:
  - amplify_auth_cognito (0.0.1):
    - Flutter
    - FlutterMacOS
  - amplify_secure_storage (0.0.1):
    - FlutterMacOS
  - flutter_tts (0.0.1):
    - FlutterMacOS
  - flutter_webrtc (0.12.6):
    - FlutterMacOS
    - WebRTC-SDK (= 125.6422.06)
  - FlutterMacOS (1.0.0)
  - WebRTC-SDK (125.6422.06)

DEPENDENCIES:
  - amplify_auth_cognito (from `Flutter/ephemeral/.symlinks/plugins/amplify_auth_cognito/darwin`)
  - amplify_secure_storage (from `Flutter/ephemeral/.symlinks/plugins/amplify_secure_storage/macos`)
  - flutter_tts (from `Flutter/ephemeral/.symlinks/plugins/flutter_tts/macos`)
  - flutter_webrtc (from `Flutter/ephemeral/.symlinks/plugins/flutter_webrtc/macos`)
  - FlutterMacOS (from `Flutter/ephemeral`)

SPEC REPOS:
  trunk:
    - WebRTC-SDK

EXTERNAL SOURCES:
  amplify_auth_cognito:
    :path: Flutter/ephemeral/.symlinks/plugins/amplify_auth_cognito/darwin
  amplify_secure_storage:
    :path: Flutter/ephemeral/.symlinks/plugins/amplify_secure_storage/macos
  flutter_tts:
    :path: Flutter/ephemeral/.symlinks/plugins/flutter_tts/macos
  flutter_webrtc:
    :path: Flutter/ephemeral/.symlinks/plugins/flutter_webrtc/macos
  FlutterMacOS:
    :path: Flutter/ephemeral

SPEC CHECKSUMS:
  amplify_auth_cognito: a5d9cb77abfbe05e3501ad0c45dddc81503e7074
  amplify_secure_storage: 0d69a14bac20aed7e9ece9ac982ee5cd18756bf2
  flutter_tts: ae915565cc6948444b513acc8ee021993281e027
  flutter_webrtc: 377dbcebdde6fed0fc40de87bcaaa2bffcec9a88
  FlutterMacOS: d0db08ddef1a9af05a5ec4b724367152bb0500b1
  WebRTC-SDK: 79942c006ea64f6fb48d7da8a4786dfc820bc1db

PODFILE CHECKSUM: 69714eaacf7bfa8c0aa469031d240e23da80844c

COCOAPODS: 1.16.2
